
Microsoft Visual Studio Solution File, Format Version 12.00
# Visual Studio Version 17
VisualStudioVersion = 17.0.31410.414
MinimumVisualStudioVersion = 10.0.40219.1
Project("{8BC9CEB8-8B4A-11D0-8D11-00A0C91BC942}") = "SAOPlugintest", "SAOPlugintest\SAOPlugintest.vcxproj", "{6808F9A3-0523-4E71-AEF0-0B6262FF35B3}"
EndProject
Project("{8BC9CEB8-8B4A-11D0-8D11-00A0C91BC942}") = "PluginCore", "PluginCore\PluginCore.vcxproj", "{65EDDACE-8775-4543-899A-578E2D706B20}"
EndProject
Global
	GlobalSection(SolutionConfigurationPlatforms) = preSolution
		Debug|x64 = Debug|x64
		Debug|x86 = Debug|x86
		Release|x64 = Release|x64
		Release|x86 = Release|x86
	EndGlobalSection
	GlobalSection(ProjectConfigurationPlatforms) = postSolution
		{6808F9A3-0523-4E71-AEF0-0B6262FF35B3}.Debug|x64.ActiveCfg = Debug|x64
		{6808F9A3-0523-4E71-AEF0-0B6262FF35B3}.Debug|x64.Build.0 = Debug|x64
		{6808F9A3-0523-4E71-AEF0-0B6262FF35B3}.Debug|x86.ActiveCfg = Debug|Win32
		{6808F9A3-0523-4E71-AEF0-0B6262FF35B3}.Debug|x86.Build.0 = Debug|Win32
		{6808F9A3-0523-4E71-AEF0-0B6262FF35B3}.Release|x64.ActiveCfg = Release|x64
		{6808F9A3-0523-4E71-AEF0-0B6262FF35B3}.Release|x64.Build.0 = Release|x64
		{6808F9A3-0523-4E71-AEF0-0B6262FF35B3}.Release|x86.ActiveCfg = Release|Win32
		{6808F9A3-0523-4E71-AEF0-0B6262FF35B3}.Release|x86.Build.0 = Release|Win32
		{65EDDACE-8775-4543-899A-578E2D706B20}.Debug|x64.ActiveCfg = Debug|x64
		{65EDDACE-8775-4543-899A-578E2D706B20}.Debug|x64.Build.0 = Debug|x64
		{65EDDACE-8775-4543-899A-578E2D706B20}.Debug|x86.ActiveCfg = Debug|Win32
		{65EDDACE-8775-4543-899A-578E2D706B20}.Debug|x86.Build.0 = Debug|Win32
		{65EDDACE-8775-4543-899A-578E2D706B20}.Release|x64.ActiveCfg = Release|x64
		{65EDDACE-8775-4543-899A-578E2D706B20}.Release|x64.Build.0 = Release|x64
		{65EDDACE-8775-4543-899A-578E2D706B20}.Release|x86.ActiveCfg = Release|Win32
		{65EDDACE-8775-4543-899A-578E2D706B20}.Release|x86.Build.0 = Release|Win32
	EndGlobalSection
	GlobalSection(SolutionProperties) = preSolution
		HideSolutionNode = FALSE
	EndGlobalSection
	GlobalSection(ExtensibilityGlobals) = postSolution
		SolutionGuid = {AC5D3EA0-9EFA-422D-A030-274AE534C7E7}
	EndGlobalSection
EndGlobal
